
Microsoft Visual Studio Solution File, Format Version 12.00
# 
Project("{FAE04EC0-301F-11D3-BF4B-00C04F79EFBC}") = "EatEase.Blazor.Web", "EatEase.Blazor.Web\EatEase.Blazor.Web.csproj", "{019BE831-BBE8-4929-9715-0835ED23454E}"
EndProject
Project("{FAE04EC0-301F-11D3-BF4B-00C04F79EFBC}") = "EatEase.Domain", "EatEase.Domain\EatEase.Domain.csproj", "{C61D3ABF-A816-465A-9A5C-FFBD5A2D0823}"
EndProject
Project("{FAE04EC0-301F-11D3-BF4B-00C04F79EFBC}") = "EatEase.Application", "EatEase.Application\EatEase.Application.csproj", "{64BE1E49-21F3-44EE-882F-CB530C0C9A17}"
EndProject
Project("{FAE04EC0-301F-11D3-BF4B-00C04F79EFBC}") = "EatEase.Infrastructure", "EatEase.Infrastructure\EatEase.Infrastructure.csproj", "{F7367501-95A7-49EA-B5A0-AFD49F96972A}"
EndProject
Project("{FAE04EC0-301F-11D3-BF4B-00C04F79EFBC}") = "EatEase.Mobile", "EatEase.Mobile\EatEase.Mobile.csproj", "{19381962-4793-4F41-BA9D-2D138C137604}"
EndProject
Global
	GlobalSection(SolutionConfigurationPlatforms) = preSolution
		Debug|Any CPU = Debug|Any CPU
		Release|Any CPU = Release|Any CPU
	EndGlobalSection
	GlobalSection(ProjectConfigurationPlatforms) = postSolution
		{019BE831-BBE8-4929-9715-0835ED23454E}.Debug|Any CPU.ActiveCfg = Debug|Any CPU
		{019BE831-BBE8-4929-9715-0835ED23454E}.Debug|Any CPU.Build.0 = Debug|Any CPU
		{019BE831-BBE8-4929-9715-0835ED23454E}.Release|Any CPU.ActiveCfg = Release|Any CPU
		{019BE831-BBE8-4929-9715-0835ED23454E}.Release|Any CPU.Build.0 = Release|Any CPU
		{D018399B-DCA7-48BB-8D54-3267C230C79E}.Debug|Any CPU.ActiveCfg = Debug|Any CPU
		{D018399B-DCA7-48BB-8D54-3267C230C79E}.Debug|Any CPU.Build.0 = Debug|Any CPU
		{D018399B-DCA7-48BB-8D54-3267C230C79E}.Release|Any CPU.ActiveCfg = Release|Any CPU
		{D018399B-DCA7-48BB-8D54-3267C230C79E}.Release|Any CPU.Build.0 = Release|Any CPU
		{C61D3ABF-A816-465A-9A5C-FFBD5A2D0823}.Debug|Any CPU.ActiveCfg = Debug|Any CPU
		{C61D3ABF-A816-465A-9A5C-FFBD5A2D0823}.Debug|Any CPU.Build.0 = Debug|Any CPU
		{C61D3ABF-A816-465A-9A5C-FFBD5A2D0823}.Release|Any CPU.ActiveCfg = Release|Any CPU
		{C61D3ABF-A816-465A-9A5C-FFBD5A2D0823}.Release|Any CPU.Build.0 = Release|Any CPU
		{64BE1E49-21F3-44EE-882F-CB530C0C9A17}.Debug|Any CPU.ActiveCfg = Debug|Any CPU
		{64BE1E49-21F3-44EE-882F-CB530C0C9A17}.Debug|Any CPU.Build.0 = Debug|Any CPU
		{64BE1E49-21F3-44EE-882F-CB530C0C9A17}.Release|Any CPU.ActiveCfg = Release|Any CPU
		{64BE1E49-21F3-44EE-882F-CB530C0C9A17}.Release|Any CPU.Build.0 = Release|Any CPU
		{F7367501-95A7-49EA-B5A0-AFD49F96972A}.Debug|Any CPU.ActiveCfg = Debug|Any CPU
		{F7367501-95A7-49EA-B5A0-AFD49F96972A}.Debug|Any CPU.Build.0 = Debug|Any CPU
		{F7367501-95A7-49EA-B5A0-AFD49F96972A}.Release|Any CPU.ActiveCfg = Release|Any CPU
		{F7367501-95A7-49EA-B5A0-AFD49F96972A}.Release|Any CPU.Build.0 = Release|Any CPU
		{19381962-4793-4F41-BA9D-2D138C137604}.Debug|Any CPU.ActiveCfg = Debug|Any CPU
		{19381962-4793-4F41-BA9D-2D138C137604}.Debug|Any CPU.Build.0 = Debug|Any CPU
		{19381962-4793-4F41-BA9D-2D138C137604}.Release|Any CPU.ActiveCfg = Release|Any CPU
		{19381962-4793-4F41-BA9D-2D138C137604}.Release|Any CPU.Build.0 = Release|Any CPU
	EndGlobalSection
EndGlobal
