
Microsoft Visual Studio Solution File, Format Version 12.00
#
VisualStudioVersion = 17.5.002.0
MinimumVisualStudioVersion = 
Project("{FAE04EC0-301F-11D3-BF4B-00C04F79EFBC}") = "EatEase.Web", "EatEase.Web\EatEase.Web.csproj", "{019BE831-BBE8-4929-9715-0835ED23454E}"
EndProject
Project("{2150E333-8FDC-42A3-9474-1A3956D46DE8}") = "docs", "docs", "{A70BC14F-1635-46E5-8876-04AADC12747E}"
	ProjectSection(SolutionItems) = preProject
		docs\Design\20d98b8a-7608-4229-8d33-8e004d66b099_upscaled.png = docs\Design\20d98b8a-7608-4229-8d33-8e004d66b099_upscaled.png
		docs\DomainModel.md = docs\DomainModel.md
		docs\PRESENTATION.md = docs\PRESENTATION.md
		Group.md = Group.md
	EndProjectSection
EndProject
Project("{FAE04EC0-301F-11D3-BF4B-00C04F79EFBC}") = "EatEase.Contracts", "EatEase.Contracts\EatEase.Contracts.csproj", "{AC408EC5-C81B-48BA-AC26-28162E67E3C2}"
EndProject
Project("{FAE04EC0-301F-11D3-BF4B-00C04F79EFBC}") = "EatEase.Messaging", "EatEase.Messaging\EatEase.Messaging.csproj", "{B821F3AE-84D9-4B05-81AD-4AAB6124FFC2}"
EndProject
Project("{FAE04EC0-301F-11D3-BF4B-00C04F79EFBC}") = "EatEase.Tests", "EatEase.Tests\EatEase.Tests.csproj", "{D7502668-0D9D-4350-AFD0-E06B33F1E223}"
EndProject
Global
	GlobalSection(SolutionConfigurationPlatforms) = preSolution
		Debug|Any CPU = Debug|Any CPU
		Release|Any CPU = Release|Any CPU
	EndGlobalSection
	GlobalSection(ProjectConfigurationPlatforms) = postSolution
		{019BE831-BBE8-4929-9715-0835ED23454E}.Debug|Any CPU.ActiveCfg = Debug|Any CPU
		{019BE831-BBE8-4929-9715-0835ED23454E}.Debug|Any CPU.Build.0 = Debug|Any CPU
		{019BE831-BBE8-4929-9715-0835ED23454E}.Release|Any CPU.ActiveCfg = Release|Any CPU
		{019BE831-BBE8-4929-9715-0835ED23454E}.Release|Any CPU.Build.0 = Release|Any CPU
		{AC408EC5-C81B-48BA-AC26-28162E67E3C2}.Debug|Any CPU.ActiveCfg = Debug|Any CPU
		{AC408EC5-C81B-48BA-AC26-28162E67E3C2}.Debug|Any CPU.Build.0 = Debug|Any CPU
		{AC408EC5-C81B-48BA-AC26-28162E67E3C2}.Release|Any CPU.ActiveCfg = Release|Any CPU
		{AC408EC5-C81B-48BA-AC26-28162E67E3C2}.Release|Any CPU.Build.0 = Release|Any CPU
		{B821F3AE-84D9-4B05-81AD-4AAB6124FFC2}.Debug|Any CPU.ActiveCfg = Debug|Any CPU
		{B821F3AE-84D9-4B05-81AD-4AAB6124FFC2}.Debug|Any CPU.Build.0 = Debug|Any CPU
		{B821F3AE-84D9-4B05-81AD-4AAB6124FFC2}.Release|Any CPU.ActiveCfg = Release|Any CPU
		{B821F3AE-84D9-4B05-81AD-4AAB6124FFC2}.Release|Any CPU.Build.0 = Release|Any CPU
		{D7502668-0D9D-4350-AFD0-E06B33F1E223}.Debug|Any CPU.ActiveCfg = Debug|Any CPU
		{D7502668-0D9D-4350-AFD0-E06B33F1E223}.Debug|Any CPU.Build.0 = Debug|Any CPU
		{D7502668-0D9D-4350-AFD0-E06B33F1E223}.Release|Any CPU.ActiveCfg = Release|Any CPU
		{D7502668-0D9D-4350-AFD0-E06B33F1E223}.Release|Any CPU.Build.0 = Release|Any CPU
	EndGlobalSection
	GlobalSection(SolutionProperties) = preSolution
		HideSolutionNode = FALSE
	EndGlobalSection
	GlobalSection(NestedProjects) = preSolution
	EndGlobalSection
EndGlobal
